
Microsoft Visual Studio Solution File, Format Version 12.00
# Visual Studio Version 17
VisualStudioVersion = 17.11.35222.181
MinimumVisualStudioVersion = 10.0.40219.1
Project("{FAE04EC0-301F-11D3-BF4B-00C04F79EFBC}") = "CalificacionesEv", "CalificacionesEv\CalificacionesEv.csproj", "{32555D63-B92E-42D1-845B-4ECA7A59E25A}"
EndProject
Global
	GlobalSection(SolutionConfigurationPlatforms) = preSolution
		Debug|Any CPU = Debug|Any CPU
		Release|Any CPU = Release|Any CPU
	EndGlobalSection
	GlobalSection(ProjectConfigurationPlatforms) = postSolution
		{32555D63-B92E-42D1-845B-4ECA7A59E25A}.Debug|Any CPU.ActiveCfg = Debug|Any CPU
		{32555D63-B92E-42D1-845B-4ECA7A59E25A}.Debug|Any CPU.Build.0 = Debug|Any CPU
		{32555D63-B92E-42D1-845B-4ECA7A59E25A}.Release|Any CPU.ActiveCfg = Release|Any CPU
		{32555D63-B92E-42D1-845B-4ECA7A59E25A}.Release|Any CPU.Build.0 = Release|Any CPU
	EndGlobalSection
	GlobalSection(SolutionProperties) = preSolution
		HideSolutionNode = FALSE
	EndGlobalSection
	GlobalSection(ExtensibilityGlobals) = postSolution
		SolutionGuid = {A4C48A35-6244-4457-8E28-D74DE3BE282B}
	EndGlobalSection
EndGlobal
